
Microsoft Visual Studio Solution File, Format Version 12.00
# Visual Studio Version 17
VisualStudioVersion = 17.5.33627.172
MinimumVisualStudioVersion = 10.0.40219.1
Project("{FAE04EC0-301F-11D3-BF4B-00C04F79EFBC}") = "ThreadTest", "Thread\ThreadTest.csproj", "{E702294A-B7EA-406D-95A4-AE6DDF7CDB9D}"
EndProject
Global
	GlobalSection(SolutionConfigurationPlatforms) = preSolution
		Debug|Any CPU = Debug|Any CPU
		Release|Any CPU = Release|Any CPU
	EndGlobalSection
	GlobalSection(ProjectConfigurationPlatforms) = postSolution
		{E702294A-B7EA-406D-95A4-AE6DDF7CDB9D}.Debug|Any CPU.ActiveCfg = Debug|Any CPU
		{E702294A-B7EA-406D-95A4-AE6DDF7CDB9D}.Debug|Any CPU.Build.0 = Debug|Any CPU
		{E702294A-B7EA-406D-95A4-AE6DDF7CDB9D}.Release|Any CPU.ActiveCfg = Release|Any CPU
		{E702294A-B7EA-406D-95A4-AE6DDF7CDB9D}.Release|Any CPU.Build.0 = Release|Any CPU
	EndGlobalSection
	GlobalSection(SolutionProperties) = preSolution
		HideSolutionNode = FALSE
	EndGlobalSection
	GlobalSection(ExtensibilityGlobals) = postSolution
		SolutionGuid = {B02EC740-5E23-4149-8EB3-5FF8D83BD99D}
	EndGlobalSection
EndGlobal
